
Microsoft Visual Studio Solution File, Format Version 12.00
# Visual Studio Version 17
VisualStudioVersion = 17.9.34607.119
MinimumVisualStudioVersion = 10.0.40219.1
Project("{8BC9CEB8-8B4A-11D0-8D11-00A0C91BC942}") = "CDate", "CData\CData.vcxproj", "{5C9A9DFB-B299-4EAE-8F76-77401EDE8931}"
EndProject
Project("{8BC9CEB8-8B4A-11D0-8D11-00A0C91BC942}") = "CTime", "CTime\CTime.vcxproj", "{A52BC4C2-0E59-4316-AF9E-173374BC98DF}"
EndProject
Project("{8BC9CEB8-8B4A-11D0-8D11-00A0C91BC942}") = "CFraction", "CFraction\CFraction.vcxproj", "{C10A87F9-1A7B-4F82-B302-337B0AB64648}"
EndProject
Project("{8BC9CEB8-8B4A-11D0-8D11-00A0C91BC942}") = "CString", "CString\CString.vcxproj", "{E4390CEF-A723-4E29-A0B8-15CAEB23311B}"
EndProject
Global
	GlobalSection(SolutionConfigurationPlatforms) = preSolution
		Debug|x64 = Debug|x64
		Debug|x86 = Debug|x86
		Release|x64 = Release|x64
		Release|x86 = Release|x86
	EndGlobalSection
	GlobalSection(ProjectConfigurationPlatforms) = postSolution
		{5C9A9DFB-B299-4EAE-8F76-77401EDE8931}.Debug|x64.ActiveCfg = Debug|x64
		{5C9A9DFB-B299-4EAE-8F76-77401EDE8931}.Debug|x64.Build.0 = Debug|x64
		{5C9A9DFB-B299-4EAE-8F76-77401EDE8931}.Debug|x86.ActiveCfg = Debug|Win32
		{5C9A9DFB-B299-4EAE-8F76-77401EDE8931}.Debug|x86.Build.0 = Debug|Win32
		{5C9A9DFB-B299-4EAE-8F76-77401EDE8931}.Release|x64.ActiveCfg = Release|x64
		{5C9A9DFB-B299-4EAE-8F76-77401EDE8931}.Release|x64.Build.0 = Release|x64
		{5C9A9DFB-B299-4EAE-8F76-77401EDE8931}.Release|x86.ActiveCfg = Release|Win32
		{5C9A9DFB-B299-4EAE-8F76-77401EDE8931}.Release|x86.Build.0 = Release|Win32
		{A52BC4C2-0E59-4316-AF9E-173374BC98DF}.Debug|x64.ActiveCfg = Debug|x64
		{A52BC4C2-0E59-4316-AF9E-173374BC98DF}.Debug|x64.Build.0 = Debug|x64
		{A52BC4C2-0E59-4316-AF9E-173374BC98DF}.Debug|x86.ActiveCfg = Debug|Win32
		{A52BC4C2-0E59-4316-AF9E-173374BC98DF}.Debug|x86.Build.0 = Debug|Win32
		{A52BC4C2-0E59-4316-AF9E-173374BC98DF}.Release|x64.ActiveCfg = Release|x64
		{A52BC4C2-0E59-4316-AF9E-173374BC98DF}.Release|x64.Build.0 = Release|x64
		{A52BC4C2-0E59-4316-AF9E-173374BC98DF}.Release|x86.ActiveCfg = Release|Win32
		{A52BC4C2-0E59-4316-AF9E-173374BC98DF}.Release|x86.Build.0 = Release|Win32
		{C10A87F9-1A7B-4F82-B302-337B0AB64648}.Debug|x64.ActiveCfg = Debug|x64
		{C10A87F9-1A7B-4F82-B302-337B0AB64648}.Debug|x64.Build.0 = Debug|x64
		{C10A87F9-1A7B-4F82-B302-337B0AB64648}.Debug|x86.ActiveCfg = Debug|Win32
		{C10A87F9-1A7B-4F82-B302-337B0AB64648}.Debug|x86.Build.0 = Debug|Win32
		{C10A87F9-1A7B-4F82-B302-337B0AB64648}.Release|x64.ActiveCfg = Release|x64
		{C10A87F9-1A7B-4F82-B302-337B0AB64648}.Release|x64.Build.0 = Release|x64
		{C10A87F9-1A7B-4F82-B302-337B0AB64648}.Release|x86.ActiveCfg = Release|Win32
		{C10A87F9-1A7B-4F82-B302-337B0AB64648}.Release|x86.Build.0 = Release|Win32
		{E4390CEF-A723-4E29-A0B8-15CAEB23311B}.Debug|x64.ActiveCfg = Debug|x64
		{E4390CEF-A723-4E29-A0B8-15CAEB23311B}.Debug|x64.Build.0 = Debug|x64
		{E4390CEF-A723-4E29-A0B8-15CAEB23311B}.Debug|x86.ActiveCfg = Debug|Win32
		{E4390CEF-A723-4E29-A0B8-15CAEB23311B}.Debug|x86.Build.0 = Debug|Win32
		{E4390CEF-A723-4E29-A0B8-15CAEB23311B}.Release|x64.ActiveCfg = Release|x64
		{E4390CEF-A723-4E29-A0B8-15CAEB23311B}.Release|x64.Build.0 = Release|x64
		{E4390CEF-A723-4E29-A0B8-15CAEB23311B}.Release|x86.ActiveCfg = Release|Win32
		{E4390CEF-A723-4E29-A0B8-15CAEB23311B}.Release|x86.Build.0 = Release|Win32
	EndGlobalSection
	GlobalSection(SolutionProperties) = preSolution
		HideSolutionNode = FALSE
	EndGlobalSection
	GlobalSection(ExtensibilityGlobals) = postSolution
		SolutionGuid = {397A7CCC-D4F3-4FD1-B977-2B1326051693}
	EndGlobalSection
EndGlobal
