
Microsoft Visual Studio Solution File, Format Version 12.00
# Visual Studio Version 17
VisualStudioVersion = 17.9.34607.119
MinimumVisualStudioVersion = 10.0.40219.1
Project("{8BC9CEB8-8B4A-11D0-8D11-00A0C91BC942}") = "Cinema", "Cinema\Cinema.vcxproj", "{22163028-4918-4F4F-BD4E-1013D76E3EBC}"
EndProject
Global
	GlobalSection(SolutionConfigurationPlatforms) = preSolution
		Debug|x64 = Debug|x64
		Debug|x86 = Debug|x86
		Release|x64 = Release|x64
		Release|x86 = Release|x86
	EndGlobalSection
	GlobalSection(ProjectConfigurationPlatforms) = postSolution
		{22163028-4918-4F4F-BD4E-1013D76E3EBC}.Debug|x64.ActiveCfg = Debug|x64
		{22163028-4918-4F4F-BD4E-1013D76E3EBC}.Debug|x64.Build.0 = Debug|x64
		{22163028-4918-4F4F-BD4E-1013D76E3EBC}.Debug|x86.ActiveCfg = Debug|Win32
		{22163028-4918-4F4F-BD4E-1013D76E3EBC}.Debug|x86.Build.0 = Debug|Win32
		{22163028-4918-4F4F-BD4E-1013D76E3EBC}.Release|x64.ActiveCfg = Release|x64
		{22163028-4918-4F4F-BD4E-1013D76E3EBC}.Release|x64.Build.0 = Release|x64
		{22163028-4918-4F4F-BD4E-1013D76E3EBC}.Release|x86.ActiveCfg = Release|Win32
		{22163028-4918-4F4F-BD4E-1013D76E3EBC}.Release|x86.Build.0 = Release|Win32
	EndGlobalSection
	GlobalSection(SolutionProperties) = preSolution
		HideSolutionNode = FALSE
	EndGlobalSection
	GlobalSection(ExtensibilityGlobals) = postSolution
		SolutionGuid = {5E81FACE-64C6-4FA6-B193-87A7C738C9C7}
	EndGlobalSection
EndGlobal
